{
  "requires": true,
  "lockfileVersion": 1,
  "dependencies": {
    "crypto-js": {
      "version": "3.1.9-1",
      "resolved": "https://registry.npmjs.org/crypto-js/-/crypto-js-3.1.9-1.tgz",
      "integrity": "sha1-/aGedh/Ad+Af+/3G6f38WeiAbNg="
    },
    "minimist": {
      "version": "0.0.8",
      "resolved": "https://registry.npmjs.org/minimist/-/minimist-0.0.8.tgz",
      "integrity": "sha1-hX/Kv8M5fSYluCKCYuhqp6ARsF0="
    },
    "mkdirp": {
      "version": "0.5.1",
      "resolved": "https://registry.npmjs.org/mkdirp/-/mkdirp-0.5.1.tgz",
      "integrity": "sha1-MAV0OOrGz3+MR2fzhkjWaX11yQM=",
      "requires": {
        "minimist": "0.0.8"
      }
    },
    "node-json-db": {
      "version": "0.7.3",
      "resolved": "https://registry.npmjs.org/node-json-db/-/node-json-db-0.7.3.tgz",
      "integrity": "sha1-v2Mf9NTPQhHL3/5srmqq/m7lTN8=",
      "requires": {
        "mkdirp": "0.5.1"
      }
    }
  }
}
